
Microsoft Visual Studio Solution File, Format Version 12.00
# Visual Studio Version 16
VisualStudioVersion = 16.0.31624.102
MinimumVisualStudioVersion = 10.0.40219.1
Project("{9A19103F-16F7-4668-BE54-9A1E7A4F7556}") = "Cohort Stage 2 Solutions 1", "Cohort Stage 2 Solutions 1\Cohort Stage 2 Solutions 1.csproj", "{5523E01F-20DA-4F04-82FD-D9A06F9E8121}"
EndProject
Project("{FAE04EC0-301F-11D3-BF4B-00C04F79EFBC}") = "Stage 2 Solutions 2 (Ch 3 + 5)", "Stage 2 Solutions 2 (Ch 3 + 5)\Stage 2 Solutions 2 (Ch 3 + 5).csproj", "{677B8945-19B7-4452-BC27-0E439A542085}"
EndProject
Global
	GlobalSection(SolutionConfigurationPlatforms) = preSolution
		Debug|Any CPU = Debug|Any CPU
		Release|Any CPU = Release|Any CPU
	EndGlobalSection
	GlobalSection(ProjectConfigurationPlatforms) = postSolution
		{5523E01F-20DA-4F04-82FD-D9A06F9E8121}.Debug|Any CPU.ActiveCfg = Debug|Any CPU
		{5523E01F-20DA-4F04-82FD-D9A06F9E8121}.Debug|Any CPU.Build.0 = Debug|Any CPU
		{5523E01F-20DA-4F04-82FD-D9A06F9E8121}.Release|Any CPU.ActiveCfg = Release|Any CPU
		{5523E01F-20DA-4F04-82FD-D9A06F9E8121}.Release|Any CPU.Build.0 = Release|Any CPU
		{677B8945-19B7-4452-BC27-0E439A542085}.Debug|Any CPU.ActiveCfg = Debug|Any CPU
		{677B8945-19B7-4452-BC27-0E439A542085}.Debug|Any CPU.Build.0 = Debug|Any CPU
		{677B8945-19B7-4452-BC27-0E439A542085}.Release|Any CPU.ActiveCfg = Release|Any CPU
		{677B8945-19B7-4452-BC27-0E439A542085}.Release|Any CPU.Build.0 = Release|Any CPU
	EndGlobalSection
	GlobalSection(SolutionProperties) = preSolution
		HideSolutionNode = FALSE
	EndGlobalSection
	GlobalSection(ExtensibilityGlobals) = postSolution
		SolutionGuid = {E34723B8-F456-471A-8EDC-C37809EF2637}
	EndGlobalSection
EndGlobal
