
Microsoft Visual Studio Solution File, Format Version 12.00
# Visual Studio Version 16
VisualStudioVersion = 16.0.31624.102
MinimumVisualStudioVersion = 10.0.40219.1
Project("{FAE04EC0-301F-11D3-BF4B-00C04F79EFBC}") = "Chapter 14a", "Chapter 14a\Chapter 14a.csproj", "{1A974491-BE3E-44B2-9E18-C552A309A2D0}"
EndProject
Global
	GlobalSection(SolutionConfigurationPlatforms) = preSolution
		Debug|Any CPU = Debug|Any CPU
		Release|Any CPU = Release|Any CPU
	EndGlobalSection
	GlobalSection(ProjectConfigurationPlatforms) = postSolution
		{1A974491-BE3E-44B2-9E18-C552A309A2D0}.Debug|Any CPU.ActiveCfg = Debug|Any CPU
		{1A974491-BE3E-44B2-9E18-C552A309A2D0}.Debug|Any CPU.Build.0 = Debug|Any CPU
		{1A974491-BE3E-44B2-9E18-C552A309A2D0}.Release|Any CPU.ActiveCfg = Release|Any CPU
		{1A974491-BE3E-44B2-9E18-C552A309A2D0}.Release|Any CPU.Build.0 = Release|Any CPU
	EndGlobalSection
	GlobalSection(SolutionProperties) = preSolution
		HideSolutionNode = FALSE
	EndGlobalSection
	GlobalSection(ExtensibilityGlobals) = postSolution
		SolutionGuid = {F840F6DB-5847-4B21-813D-D38F8E3B9AFE}
	EndGlobalSection
EndGlobal
