
Microsoft Visual Studio Solution File, Format Version 12.00
# Visual Studio Version 16
VisualStudioVersion = 16.0.31624.102
MinimumVisualStudioVersion = 10.0.40219.1
Project("{FAE04EC0-301F-11D3-BF4B-00C04F79EFBC}") = "Chapter 20", "Chapter 20\Chapter 20.csproj", "{ECE0AECD-179A-4A7F-91D1-24DFB5172686}"
EndProject
Global
	GlobalSection(SolutionConfigurationPlatforms) = preSolution
		Debug|Any CPU = Debug|Any CPU
		Release|Any CPU = Release|Any CPU
	EndGlobalSection
	GlobalSection(ProjectConfigurationPlatforms) = postSolution
		{ECE0AECD-179A-4A7F-91D1-24DFB5172686}.Debug|Any CPU.ActiveCfg = Debug|Any CPU
		{ECE0AECD-179A-4A7F-91D1-24DFB5172686}.Debug|Any CPU.Build.0 = Debug|Any CPU
		{ECE0AECD-179A-4A7F-91D1-24DFB5172686}.Release|Any CPU.ActiveCfg = Release|Any CPU
		{ECE0AECD-179A-4A7F-91D1-24DFB5172686}.Release|Any CPU.Build.0 = Release|Any CPU
	EndGlobalSection
	GlobalSection(SolutionProperties) = preSolution
		HideSolutionNode = FALSE
	EndGlobalSection
	GlobalSection(ExtensibilityGlobals) = postSolution
		SolutionGuid = {4D047F20-A466-4972-9024-0FF9D6EC4364}
	EndGlobalSection
EndGlobal
